dependencies:
- name: higress-core
  repository: file://../core
  version: 2.2.0
- name: higress-console
  repository: file://../../../higress-console/helm
  version: 2.1.0
digest: sha256:cede190bbb4edb9f3420ee3413799b1f035ce51c89ff090654f476031f78eab6
generated: "2026-03-17T17:55:25.677535996+08:00"
